// !$*UTF8*$!
{
	archiveVersion = 1;
	classes = {
	};
	objectVersion = 56;
	objects = {

/* Begin PBXBuildFile section */
		CFF3D2182CDCB1FE001E3473 /* JournaliApp.swift in Sources */ = {isa = PBXBuildFile; fileRef = CFF3D2172CDCB1FE001E3473 /* JournaliApp.swift */; };
		CFF3D21A2CDCB1FE001E3473 /* ContentView.swift in Sources */ = {isa = PBXBuildFile; fileRef = CFF3D2192CDCB1FE001E3473 /* ContentView.swift */; };
		CFF3D21C2CDCB1FF001E3473 /* Assets.xcassets in Resources */ = {isa = PBXBuildFile; fileRef = CFF3D21B2CDCB1FF001E3473 /* Assets.xcassets */; };
		CFF3D21F2CDCB1FF001E3473 /* Preview Assets.xcassets in Resources */ = {isa = PBXBuildFile; fileRef = CFF3D21E2CDCB1FF001E3473 /* Preview Assets.xcassets */; };
		CFF3D2292CDCB200001E3473 /* JournaliTests.swift in Sources */ = {isa = PBXBuildFile; fileRef = CFF3D2282CDCB200001E3473 /* JournaliTests.swift */; };
		CFF3D2332CDCB200001E3473 /* JournaliUITests.swift in Sources */ = {isa = PBXBuildFile; fileRef = CFF3D2322CDCB200001E3473 /* JournaliUITests.swift */; };
		CFF3D2352CDCB200001E3473 /* JournaliUITestsLaunchTests.swift in Sources */ = {isa = PBXBuildFile; fileRef = CFF3D2342CDCB200001E3473 /* JournaliUITestsLaunchTests.swift */; };
/* End PBXBuildFile section */

/* Begin PBXContainerItemProxy section */
		CFF3D2252CDCB200001E3473 /* PBXContainerItemProxy */ = {
			isa = PBXContainerItemProxy;
			containerPortal = CFF3D20C2CDCB1FE001E3473 /* Project object */;
			proxyType = 1;
			remoteGlobalIDString = CFF3D2132CDCB1FE001E3473;
			remoteInfo = Journali;
		};
		CFF3D22F2CDCB200001E3473 /* PBXContainerItemProxy */ = {
			isa = PBXContainerItemProxy;
			containerPortal = CFF3D20C2CDCB1FE001E3473 /* Project object */;
			proxyType = 1;
			remoteGlobalIDString = CFF3D2132CDCB1FE001E3473;
			remoteInfo = Journali;
		};
/* End PBXContainerItemProxy section */

/* Begin PBXFileReference section */
		CFF3D2142CDCB1FE001E3473 /* Journali.app */ = {isa = PBXFileReference; explicitFileType = wrapper.application; includeInIndex = 0; path = Journali.app; sourceTree = BUILT_PRODUCTS_DIR; };
		CFF3D2172CDCB1FE001E3473 /* JournaliApp.swift */ = {isa = PBXFileReference; lastKnownFileType = sourcecode.swift; path = JournaliApp.swift; sourceTree = "<group>"; };
		CFF3D2192CDCB1FE001E3473 /* ContentView.swift */ = {isa = PBXFileReference; lastKnownFileType = sourcecode.swift; path = ContentView.swift; sourceTree = "<group>"; };
		CFF3D21B2CDCB1FF001E3473 /* Assets.xcassets */ = {isa = PBXFileReference; lastKnownFileType = folder.assetcatalog; path = Assets.xcassets; sourceTree = "<group>"; };
		CFF3D21E2CDCB1FF001E3473 /* Preview Assets.xcassets */ = {isa = PBXFileReference; lastKnownFileType = folder.assetcatalog; path = "Preview Assets.xcassets"; sourceTree = "<group>"; };
		CFF3D2242CDCB200001E3473 /* JournaliTests.xctest */ = {isa = PBXFileReference; explicitFileType = wrapper.cfbundle; includeInIndex = 0; path = JournaliTests.xctest; sourceTree = BUILT_PRODUCTS_DIR; };
		CFF3D2282CDCB200001E3473 /* JournaliTests.swift */ = {isa = PBXFileReference; lastKnownFileType = sourcecode.swift; path = JournaliTests.swift; sourceTree = "<group>"; };
		CFF3D22E2CDCB200001E3473 /* JournaliUITests.xctest */ = {isa = PBXFileReference; explicitFileType = wrapper.cfbundle; includeInIndex = 0; path = JournaliUITests.xctest; sourceTree = BUILT_PRODUCTS_DIR; };
		CFF3D2322CDCB200001E3473 /* JournaliUITests.swift */ = {isa = PBXFileReference; lastKnownFileType = sourcecode.swift; path = JournaliUITests.swift; sourceTree = "<group>"; };
		CFF3D2342CDCB200001E3473 /* JournaliUITestsLaunchTests.swift */ = {isa = PBXFileReference; lastKnownFileType = sourcecode.swift; path = JournaliUITestsLaunchTests.swift; sourceTree = "<group>"; };
/* End PBXFileReference section */

/* Begin PBXFrameworksBuildPhase section */
		CFF3D2112CDCB1FE001E3473 /* Frameworks */ = {
			isa = PBXFrameworksBuildPhase;
			buildActionMask = 2147483647;
			files = (
			);
			runOnlyForDeploymentPostprocessing = 0;
		};
		CFF3D2212CDCB200001E3473 /* Frameworks */ = {
			isa = PBXFrameworksBuildPhase;
			buildActionMask = 2147483647;
			files = (
			);
			runOnlyForDeploymentPostprocessing = 0;
		};
		CFF3D22B2CDCB200001E3473 /* Frameworks */ = {
			isa = PBXFrameworksBuildPhase;
			buildActionMask = 2147483647;
			files = (
			);
			runOnlyForDeploymentPostprocessing = 0;
		};
/* End PBXFrameworksBuildPhase section */

/* Begin PBXGroup section */
		CFF3D20B2CDCB1FE001E3473 = {
			isa = PBXGroup;
			children = (
				CFF3D2162CDCB1FE001E3473 /* Journali */,
				CFF3D2272CDCB200001E3473 /* JournaliTests */,
				CFF3D2312CDCB200001E3473 /* JournaliUITests */,
				CFF3D2152CDCB1FE001E3473 /* Products */,
			);
			sourceTree = "<group>";
		};
		CFF3D2152CDCB1FE001E3473 /* Products */ = {
			isa = PBXGroup;
			children = (
				CFF3D2142CDCB1FE001E3473 /* Journali.app */,
				CFF3D2242CDCB200001E3473 /* JournaliTests.xctest */,
				CFF3D22E2CDCB200001E3473 /* JournaliUITests.xctest */,
			);
			name = Products;
			sourceTree = "<group>";
		};
		CFF3D2162CDCB1FE001E3473 /* Journali */ = {
			isa = PBXGroup;
			children = (
				CFF3D2172CDCB1FE001E3473 /* JournaliApp.swift */,
				CFF3D2192CDCB1FE001E3473 /* ContentView.swift */,
				CFF3D21B2CDCB1FF001E3473 /* Assets.xcassets */,
				CFF3D21D2CDCB1FF001E3473 /* Preview Content */,
			);
			path = Journali;
			sourceTree = "<group>";
		};
		CFF3D21D2CDCB1FF001E3473 /* Preview Content */ = {
			isa = PBXGroup;
			children = (
				CFF3D21E2CDCB1FF001E3473 /* Preview Assets.xcassets */,
			);
			path = "Preview Content";
			sourceTree = "<group>";
		};
		CFF3D2272CDCB200001E3473 /* JournaliTests */ = {
			isa = PBXGroup;
			children = (
				CFF3D2282CDCB200001E3473 /* JournaliTests.swift */,
			);
			path = JournaliTests;
			sourceTree = "<group>";
		};
		CFF3D2312CDCB200001E3473 /* JournaliUITests */ = {
			isa = PBXGroup;
			children = (
				CFF3D2322CDCB200001E3473 /* JournaliUITests.swift */,
				CFF3D2342CDCB200001E3473 /* JournaliUITestsLaunchTests.swift */,
			);
			path = JournaliUITests;
			sourceTree = "<group>";
		};
/* End PBXGroup section */

/* Begin PBXNativeTarget section */
		CFF3D2132CDCB1FE001E3473 /* Journali */ = {
			isa = PBXNativeTarget;
			buildConfigurationList = CFF3D2382CDCB200001E3473 /* Build configuration list for PBXNativeTarget "Journali" */;
			buildPhases = (
				CFF3D2102CDCB1FE001E3473 /* Sources */,
				CFF3D2112CDCB1FE001E3473 /* Frameworks */,
				CFF3D2122CDCB1FE001E3473 /* Resources */,
			);
			buildRules = (
			);
			dependencies = (
			);
			name = Journali;
			productName = Journali;
			productReference = CFF3D2142CDCB1FE001E3473 /* Journali.app */;
			productType = "com.apple.product-type.application";
		};
		CFF3D2232CDCB200001E3473 /* JournaliTests */ = {
			isa = PBXNativeTarget;
			buildConfigurationList = CFF3D23B2CDCB200001E3473 /* Build configuration list for PBXNativeTarget "JournaliTests" */;
			buildPhases = (
				CFF3D2202CDCB200001E3473 /* Sources */,
				CFF3D2212CDCB200001E3473 /* Frameworks */,
				CFF3D2222CDCB200001E3473 /* Resources */,
			);
			buildRules = (
			);
			dependencies = (
				CFF3D2262CDCB200001E3473 /* PBXTargetDependency */,
			);
			name = JournaliTests;
			productName = JournaliTests;
			productReference = CFF3D2242CDCB200001E3473 /* JournaliTests.xctest */;
			productType = "com.apple.product-type.bundle.unit-test";
		};
		CFF3D22D2CDCB200001E3473 /* JournaliUITests */ = {
			isa = PBXNativeTarget;
			buildConfigurationList = CFF3D23E2CDCB200001E3473 /* Build configuration list for PBXNativeTarget "JournaliUITests" */;
			buildPhases = (
				CFF3D22A2CDCB200001E3473 /* Sources */,
				CFF3D22B2CDCB200001E3473 /* Frameworks */,
				CFF3D22C2CDCB200001E3473 /* Resources */,
			);
			buildRules = (
			);
			dependencies = (
				CFF3D2302CDCB200001E3473 /* PBXTargetDependency */,
			);
			name = JournaliUITests;
			productName = JournaliUITests;
			productReference = CFF3D22E2CDCB200001E3473 /* JournaliUITests.xctest */;
			productType = "com.apple.product-type.bundle.ui-testing";
		};
/* End PBXNativeTarget section */

/* Begin PBXProject section */
		CFF3D20C2CDCB1FE001E3473 /* Project object */ = {
			isa = PBXProject;
			attributes = {
				BuildIndependentTargetsInParallel = 1;
				LastSwiftUpdateCheck = 1540;
				LastUpgradeCheck = 1540;
				TargetAttributes = {
					CFF3D2132CDCB1FE001E3473 = {
						CreatedOnToolsVersion = 15.4;
					};
					CFF3D2232CDCB200001E3473 = {
						CreatedOnToolsVersion = 15.4;
						TestTargetID = CFF3D2132CDCB1FE001E3473;
					};
					CFF3D22D2CDCB200001E3473 = {
						CreatedOnToolsVersion = 15.4;
						TestTargetID = CFF3D2132CDCB1FE001E3473;
					};
				};
			};
			buildConfigurationList = CFF3D20F2CDCB1FE001E3473 /* Build configuration list for PBXProject "Journali" */;
			compatibilityVersion = "Xcode 14.0";
			developmentRegion = en;
			hasScannedForEncodings = 0;
			knownRegions = (
				en,
				Base,
			);
			mainGroup = CFF3D20B2CDCB1FE001E3473;
			productRefGroup = CFF3D2152CDCB1FE001E3473 /* Products */;
			projectDirPath = "";
			projectRoot = "";
			targets = (
				CFF3D2132CDCB1FE001E3473 /* Journali */,
				CFF3D2232CDCB200001E3473 /* JournaliTests */,
				CFF3D22D2CDCB200001E3473 /* JournaliUITests */,
			);
		};
/* End PBXProject section */

/* Begin PBXResourcesBuildPhase section */
		CFF3D2122CDCB1FE001E3473 /* Resources */ = {
			isa = PBXResourcesBuildPhase;
			buildActionMask = 2147483647;
			files = (
				CFF3D21F2CDCB1FF001E3473 /* Preview Assets.xcassets in Resources */,
				CFF3D21C2CDCB1FF001E3473 /* Assets.xcassets in Resources */,
			);
			runOnlyForDeploymentPostprocessing = 0;
		};
		CFF3D2222CDCB200001E3473 /* Resources */ = {
			isa = PBXResourcesBuildPhase;
			buildActionMask = 2147483647;
			files = (
			);
			runOnlyForDeploymentPostprocessing = 0;
		};
		CFF3D22C2CDCB200001E3473 /* Resources */ = {
			isa = PBXResourcesBuildPhase;
			buildActionMask = 2147483647;
			files = (
			);
			runOnlyForDeploymentPostprocessing = 0;
		};
/* End PBXResourcesBuildPhase section */

/* Begin PBXSourcesBuildPhase section */
		CFF3D2102CDCB1FE001E3473 /* Sources */ = {
			isa = PBXSourcesBuildPhase;
			buildActionMask = 2147483647;
			files = (
				CFF3D21A2CDCB1FE001E3473 /* ContentView.swift in Sources */,
				CFF3D2182CDCB1FE001E3473 /* JournaliApp.swift in Sources */,
			);
			runOnlyForDeploymentPostprocessing = 0;
		};
		CFF3D2202CDCB200001E3473 /* Sources */ = {
			isa = PBXSourcesBuildPhase;
			buildActionMask = 2147483647;
			files = (
				CFF3D2292CDCB200001E3473 /* JournaliTests.swift in Sources */,
			);
			runOnlyForDeploymentPostprocessing = 0;
		};
		CFF3D22A2CDCB200001E3473 /* Sources */ = {
			isa = PBXSourcesBuildPhase;
			buildActionMask = 2147483647;
			files = (
				CFF3D2352CDCB200001E3473 /* JournaliUITestsLaunchTests.swift in Sources */,
				CFF3D2332CDCB200001E3473 /* JournaliUITests.swift in Sources */,
			);
			runOnlyForDeploymentPostprocessing = 0;
		};
/* End PBXSourcesBuildPhase section */

/* Begin PBXTargetDependency section */
		CFF3D2262CDCB200001E3473 /* PBXTargetDependency */ = {
			isa = PBXTargetDependency;
			target = CFF3D2132CDCB1FE001E3473 /* Journali */;
			targetProxy = CFF3D2252CDCB200001E3473 /* PBXContainerItemProxy */;
		};
		CFF3D2302CDCB200001E3473 /* PBXTargetDependency */ = {
			isa = PBXTargetDependency;
			target = CFF3D2132CDCB1FE001E3473 /* Journali */;
			targetProxy = CFF3D22F2CDCB200001E3473 /* PBXContainerItemProxy */;
		};
/* End PBXTargetDependency section */

/* Begin XCBuildConfiguration section */
		CFF3D2362CDCB200001E3473 /* Debug */ = {
			isa = XCBuildConfiguration;
			buildSettings = {
				ALWAYS_SEARCH_USER_PATHS = NO;
				ASSETCATALOG_COMPILER_GENERATE_SWIFT_ASSET_SYMBOL_EXTENSIONS = YES;
				CLANG_ANALYZER_NONNULL = YES;
				CLANG_ANALYZER_NUMBER_OBJECT_CONVERSION = YES_AGGRESSIVE;
				CLANG_CXX_LANGUAGE_STANDARD = "gnu++20";
				CLANG_ENABLE_MODULES = YES;
				CLANG_ENABLE_OBJC_ARC = YES;
				CLANG_ENABLE_OBJC_WEAK = YES;
				CLANG_WARN_BLOCK_CAPTURE_AUTORELEASING = YES;
				CLANG_WARN_BOOL_CONVERSION = YES;
				CLANG_WARN_COMMA = YES;
				CLANG_WARN_CONSTANT_CONVERSION = YES;
				CLANG_WARN_DEPRECATED_OBJC_IMPLEMENTATIONS = YES;
				CLANG_WARN_DIRECT_OBJC_ISA_USAGE = YES_ERROR;
				CLANG_WARN_DOCUMENTATION_COMMENTS = YES;
				CLANG_WARN_EMPTY_BODY = YES;
				CLANG_WARN_ENUM_CONVERSION = YES;
				CLANG_WARN_INFINITE_RECURSION = YES;
				CLANG_WARN_INT_CONVERSION = YES;
				CLANG_WARN_NON_LITERAL_NULL_CONVERSION = YES;
				CLANG_WARN_OBJC_IMPLICIT_RETAIN_SELF = YES;
				CLANG_WARN_OBJC_LITERAL_CONVERSION = YES;
				CLANG_WARN_OBJC_ROOT_CLASS = YES_ERROR;
				CLANG_WARN_QUOTED_INCLUDE_IN_FRAMEWORK_HEADER = YES;
				CLANG_WARN_RANGE_LOOP_ANALYSIS = YES;
				CLANG_WARN_STRICT_PROTOTYPES = YES;
				CLANG_WARN_SUSPICIOUS_MOVE = YES;
				CLANG_WARN_UNGUARDED_AVAILABILITY = YES_AGGRESSIVE;
				CLANG_WARN_UNREACHABLE_CODE = YES;
				CLANG_WARN__DUPLICATE_METHOD_MATCH = YES;
				COPY_PHASE_STRIP = NO;
				DEBUG_INFORMATION_FORMAT = dwarf;
				ENABLE_STRICT_OBJC_MSGSEND = YES;
				ENABLE_TESTABILITY = YES;
				ENABLE_USER_SCRIPT_SANDBOXING = YES;
				GCC_C_LANGUAGE_STANDARD = gnu17;
				GCC_DYNAMIC_NO_PIC = NO;
				GCC_NO_COMMON_BLOCKS = YES;
				GCC_OPTIMIZATION_LEVEL = 0;
				GCC_PREPROCESSOR_DEFINITIONS = (
					"DEBUG=1",
					"$(inherited)",
				);
				GCC_WARN_64_TO_32_BIT_CONVERSION = YES;
				GCC_WARN_ABOUT_RETURN_TYPE = YES_ERROR;
				GCC_WARN_UNDECLARED_SELECTOR = YES;
				GCC_WARN_UNINITIALIZED_AUTOS = YES_AGGRESSIVE;
				GCC_WARN_UNUSED_FUNCTION = YES;
				GCC_WARN_UNUSED_VARIABLE = YES;
				IPHONEOS_DEPLOYMENT_TARGET = 17.5;
				LOCALIZATION_PREFERS_STRING_CATALOGS = YES;
				MTL_ENABLE_DEBUG_INFO = INCLUDE_SOURCE;
				MTL_FAST_MATH = YES;
				ONLY_ACTIVE_ARCH = YES;
				SDKROOT = iphoneos;
				SWIFT_ACTIVE_COMPILATION_CONDITIONS = "DEBUG $(inherited)";
				SWIFT_OPTIMIZATION_LEVEL = "-Onone";
			};
			name = Debug;
		};
		CFF3D2372CDCB200001E3473 /* Release */ = {
			isa = XCBuildConfiguration;
			buildSettings = {
				ALWAYS_SEARCH_USER_PATHS = NO;
				ASSETCATALOG_COMPILER_GENERATE_SWIFT_ASSET_SYMBOL_EXTENSIONS = YES;
				CLANG_ANALYZER_NONNULL = YES;
				CLANG_ANALYZER_NUMBER_OBJECT_CONVERSION = YES_AGGRESSIVE;
				CLANG_CXX_LANGUAGE_STANDARD = "gnu++20";
				CLANG_ENABLE_MODULES = YES;
				CLANG_ENABLE_OBJC_ARC = YES;
				CLANG_ENABLE_OBJC_WEAK = YES;
				CLANG_WARN_BLOCK_CAPTURE_AUTORELEASING = YES;
				CLANG_WARN_BOOL_CONVERSION = YES;
				CLANG_WARN_COMMA = YES;
				CLANG_WARN_CONSTANT_CONVERSION = YES;
				CLANG_WARN_DEPRECATED_OBJC_IMPLEMENTATIONS = YES;
				CLANG_WARN_DIRECT_OBJC_ISA_USAGE = YES_ERROR;
				CLANG_WARN_DOCUMENTATION_COMMENTS = YES;
				CLANG_WARN_EMPTY_BODY = YES;
				CLANG_WARN_ENUM_CONVERSION = YES;
				CLANG_WARN_INFINITE_RECURSION = YES;
				CLANG_WARN_INT_CONVERSION = YES;
				CLANG_WARN_NON_LITERAL_NULL_CONVERSION = YES;
				CLANG_WARN_OBJC_IMPLICIT_RETAIN_SELF = YES;
				CLANG_WARN_OBJC_LITERAL_CONVERSION = YES;
				CLANG_WARN_OBJC_ROOT_CLASS = YES_ERROR;
				CLANG_WARN_QUOTED_INCLUDE_IN_FRAMEWORK_HEADER = YES;
				CLANG_WARN_RANGE_LOOP_ANALYSIS = YES;
				CLANG_WARN_STRICT_PROTOTYPES = YES;
				CLANG_WARN_SUSPICIOUS_MOVE = YES;
				CLANG_WARN_UNGUARDED_AVAILABILITY = YES_AGGRESSIVE;
				CLANG_WARN_UNREACHABLE_CODE = YES;
				CLANG_WARN__DUPLICATE_METHOD_MATCH = YES;
				COPY_PHASE_STRIP = NO;
				DEBUG_INFORMATION_FORMAT = "dwarf-with-dsym";
				ENABLE_NS_ASSERTIONS = NO;
				ENABLE_STRICT_OBJC_MSGSEND = YES;
				ENABLE_USER_SCRIPT_SANDBOXING = YES;
				GCC_C_LANGUAGE_STANDARD = gnu17;
				GCC_NO_COMMON_BLOCKS = YES;
				GCC_WARN_64_TO_32_BIT_CONVERSION = YES;
				GCC_WARN_ABOUT_RETURN_TYPE = YES_ERROR;
				GCC_WARN_UNDECLARED_SELECTOR = YES;
				GCC_WARN_UNINITIALIZED_AUTOS = YES_AGGRESSIVE;
				GCC_WARN_UNUSED_FUNCTION = YES;
				GCC_WARN_UNUSED_VARIABLE = YES;
				IPHONEOS_DEPLOYMENT_TARGET = 17.5;
				LOCALIZATION_PREFERS_STRING_CATALOGS = YES;
				MTL_ENABLE_DEBUG_INFO = NO;
				MTL_FAST_MATH = YES;
				SDKROOT = iphoneos;
				SWIFT_COMPILATION_MODE = wholemodule;
				VALIDATE_PRODUCT = YES;
			};
			name = Release;
		};
		CFF3D2392CDCB200001E3473 /* Debug */ = {
			isa = XCBuildConfiguration;
			buildSettings = {
				ASSETCATALOG_COMPILER_APPICON_NAME = AppIcon;
				ASSETCATALOG_COMPILER_GLOBAL_ACCENT_COLOR_NAME = AccentColor;
				CODE_SIGN_STYLE = Automatic;
				CURRENT_PROJECT_VERSION = 1;
				DEVELOPMENT_ASSET_PATHS = "\"Journali/Preview Content\"";
				DEVELOPMENT_TEAM = PW726KA4D6;
				ENABLE_PREVIEWS = YES;
				GENERATE_INFOPLIST_FILE = YES;
				INFOPLIST_KEY_UIApplicationSceneManifest_Generation = YES;
				INFOPLIST_KEY_UIApplicationSupportsIndirectInputEvents = YES;
				INFOPLIST_KEY_UILaunchScreen_Generation = YES;
				INFOPLIST_KEY_UISupportedInterfaceOrientations_iPad = "UIInterfaceOrientationPortrait UIInterfaceOrientationPortraitUpsideDown UIInterfaceOrientationLandscapeLeft UIInterfaceOrientationLandscapeRight";
				INFOPLIST_KEY_UISupportedInterfaceOrientations_iPhone = "UIInterfaceOrientationPortrait UIInterfaceOrientationLandscapeLeft UIInterfaceOrientationLandscapeRight";
				LD_RUNPATH_SEARCH_PATHS = (
					"$(inherited)",
					"@executable_path/Frameworks",
				);
				MARKETING_VERSION = 1.0;
				PRODUCT_BUNDLE_IDENTIFIER = com.Tahani.Journali;
				PRODUCT_NAME = "$(TARGET_NAME)";
				SWIFT_EMIT_LOC_STRINGS = YES;
				SWIFT_VERSION = 5.0;
				TARGETED_DEVICE_FAMILY = "1,2";
			};
			name = Debug;
		};
		CFF3D23A2CDCB200001E3473 /* Release */ = {
			isa = XCBuildConfiguration;
			buildSettings = {
				ASSETCATALOG_COMPILER_APPICON_NAME = AppIcon;
				ASSETCATALOG_COMPILER_GLOBAL_ACCENT_COLOR_NAME = AccentColor;
				CODE_SIGN_STYLE = Automatic;
				CURRENT_PROJECT_VERSION = 1;
				DEVELOPMENT_ASSET_PATHS = "\"Journali/Preview Content\"";
				DEVELOPMENT_TEAM = PW726KA4D6;
				ENABLE_PREVIEWS = YES;
				GENERATE_INFOPLIST_FILE = YES;
				INFOPLIST_KEY_UIApplicationSceneManifest_Generation = YES;
				INFOPLIST_KEY_UIApplicationSupportsIndirectInputEvents = YES;
				INFOPLIST_KEY_UILaunchScreen_Generation = YES;
				INFOPLIST_KEY_UISupportedInterfaceOrientations_iPad = "UIInterfaceOrientationPortrait UIInterfaceOrientationPortraitUpsideDown UIInterfaceOrientationLandscapeLeft UIInterfaceOrientationLandscapeRight";
				INFOPLIST_KEY_UISupportedInterfaceOrientations_iPhone = "UIInterfaceOrientationPortrait UIInterfaceOrientationLandscapeLeft UIInterfaceOrientationLandscapeRight";
				LD_RUNPATH_SEARCH_PATHS = (
					"$(inherited)",
					"@executable_path/Frameworks",
				);
				MARKETING_VERSION = 1.0;
				PRODUCT_BUNDLE_IDENTIFIER = com.Tahani.Journali;
				PRODUCT_NAME = "$(TARGET_NAME)";
				SWIFT_EMIT_LOC_STRINGS = YES;
				SWIFT_VERSION = 5.0;
				TARGETED_DEVICE_FAMILY = "1,2";
			};
			name = Release;
		};
		CFF3D23C2CDCB200001E3473 /* Debug */ = {
			isa = XCBuildConfiguration;
			buildSettings = {
				ALWAYS_EMBED_SWIFT_STANDARD_LIBRARIES = YES;
				BUNDLE_LOADER = "$(TEST_HOST)";
				CODE_SIGN_STYLE = Automatic;
				CURRENT_PROJECT_VERSION = 1;
				DEVELOPMENT_TEAM = PW726KA4D6;
				GENERATE_INFOPLIST_FILE = YES;
				IPHONEOS_DEPLOYMENT_TARGET = 17.5;
				MARKETING_VERSION = 1.0;
				PRODUCT_BUNDLE_IDENTIFIER = com.Tahani.JournaliTests;
				PRODUCT_NAME = "$(TARGET_NAME)";
				SWIFT_EMIT_LOC_STRINGS = NO;
				SWIFT_VERSION = 5.0;
				TARGETED_DEVICE_FAMILY = "1,2";
				TEST_HOST = "$(BUILT_PRODUCTS_DIR)/Journali.app/$(BUNDLE_EXECUTABLE_FOLDER_PATH)/Journali";
			};
			name = Debug;
		};
		CFF3D23D2CDCB200001E3473 /* Release */ = {
			isa = XCBuildConfiguration;
			buildSettings = {
				ALWAYS_EMBED_SWIFT_STANDARD_LIBRARIES = YES;
				BUNDLE_LOADER = "$(TEST_HOST)";
				CODE_SIGN_STYLE = Automatic;
				CURRENT_PROJECT_VERSION = 1;
				DEVELOPMENT_TEAM = PW726KA4D6;
				GENERATE_INFOPLIST_FILE = YES;
				IPHONEOS_DEPLOYMENT_TARGET = 17.5;
				MARKETING_VERSION = 1.0;
				PRODUCT_BUNDLE_IDENTIFIER = com.Tahani.JournaliTests;
				PRODUCT_NAME = "$(TARGET_NAME)";
				SWIFT_EMIT_LOC_STRINGS = NO;
				SWIFT_VERSION = 5.0;
				TARGETED_DEVICE_FAMILY = "1,2";
				TEST_HOST = "$(BUILT_PRODUCTS_DIR)/Journali.app/$(BUNDLE_EXECUTABLE_FOLDER_PATH)/Journali";
			};
			name = Release;
		};
		CFF3D23F2CDCB200001E3473 /* Debug */ = {
			isa = XCBuildConfiguration;
			buildSettings = {
				ALWAYS_EMBED_SWIFT_STANDARD_LIBRARIES = YES;
				CODE_SIGN_STYLE = Automatic;
				CURRENT_PROJECT_VERSION = 1;
				DEVELOPMENT_TEAM = PW726KA4D6;
				GENERATE_INFOPLIST_FILE = YES;
				MARKETING_VERSION = 1.0;
				PRODUCT_BUNDLE_IDENTIFIER = com.Tahani.JournaliUITests;
				PRODUCT_NAME = "$(TARGET_NAME)";
				SWIFT_EMIT_LOC_STRINGS = NO;
				SWIFT_VERSION = 5.0;
				TARGETED_DEVICE_FAMILY = "1,2";
				TEST_TARGET_NAME = Journali;
			};
			name = Debug;
		};
		CFF3D2402CDCB200001E3473 /* Release */ = {
			isa = XCBuildConfiguration;
			buildSettings = {
				ALWAYS_EMBED_SWIFT_STANDARD_LIBRARIES = YES;
				CODE_SIGN_STYLE = Automatic;
				CURRENT_PROJECT_VERSION = 1;
				DEVELOPMENT_TEAM = PW726KA4D6;
				GENERATE_INFOPLIST_FILE = YES;
				MARKETING_VERSION = 1.0;
				PRODUCT_BUNDLE_IDENTIFIER = com.Tahani.JournaliUITests;
				PRODUCT_NAME = "$(TARGET_NAME)";
				SWIFT_EMIT_LOC_STRINGS = NO;
				SWIFT_VERSION = 5.0;
				TARGETED_DEVICE_FAMILY = "1,2";
				TEST_TARGET_NAME = Journali;
			};
			name = Release;
		};
/* End XCBuildConfiguration section */

/* Begin XCConfigurationList section */
		CFF3D20F2CDCB1FE001E3473 /* Build configuration list for PBXProject "Journali" */ = {
			isa = XCConfigurationList;
			buildConfigurations = (
				CFF3D2362CDCB200001E3473 /* Debug */,
				CFF3D2372CDCB200001E3473 /* Release */,
			);
			defaultConfigurationIsVisible = 0;
			defaultConfigurationName = Release;
		};
		CFF3D2382CDCB200001E3473 /* Build configuration list for PBXNativeTarget "Journali" */ = {
			isa = XCConfigurationList;
			buildConfigurations = (
				CFF3D2392CDCB200001E3473 /* Debug */,
				CFF3D23A2CDCB200001E3473 /* Release */,
			);
			defaultConfigurationIsVisible = 0;
			defaultConfigurationName = Release;
		};
		CFF3D23B2CDCB200001E3473 /* Build configuration list for PBXNativeTarget "JournaliTests" */ = {
			isa = XCConfigurationList;
			buildConfigurations = (
				CFF3D23C2CDCB200001E3473 /* Debug */,
				CFF3D23D2CDCB200001E3473 /* Release */,
			);
			defaultConfigurationIsVisible = 0;
			defaultConfigurationName = Release;
		};
		CFF3D23E2CDCB200001E3473 /* Build configuration list for PBXNativeTarget "JournaliUITests" */ = {
			isa = XCConfigurationList;
			buildConfigurations = (
				CFF3D23F2CDCB200001E3473 /* Debug */,
				CFF3D2402CDCB200001E3473 /* Release */,
			);
			defaultConfigurationIsVisible = 0;
			defaultConfigurationName = Release;
		};
/* End XCConfigurationList section */
	};
	rootObject = CFF3D20C2CDCB1FE001E3473 /* Project object */;
}
